
Microsoft Visual Studio Solution File, Format Version 12.00
# Visual Studio 2013
VisualStudioVersion = 12.0.31101.0
MinimumVisualStudioVersion = 10.0.40219.1
Project("{FAE04EC0-301F-11D3-BF4B-00C04F79EFBC}") = "DistanceBetweenVertices", "GraphAlgorithmsHomework\DistanceBetweenVertices.csproj", "{20783F9B-F045-4BF9-BF58-BD2AE67535DC}"
EndProject
Project("{FAE04EC0-301F-11D3-BF4B-00C04F79EFBC}") = "AreasInMatrix", "AreasInMatrix\AreasInMatrix.csproj", "{2AD309C1-EE71-41E9-8533-95CEE7B00BC0}"
EndProject
Project("{FAE04EC0-301F-11D3-BF4B-00C04F79EFBC}") = "CyclesInGraph", "CyclesInGraph\CyclesInGraph.csproj", "{43B015EF-BB6C-4E4D-AE8D-64A75F61CCAB}"
EndProject
Project("{FAE04EC0-301F-11D3-BF4B-00C04F79EFBC}") = "Salaries", "Salaries\Salaries.csproj", "{6E26A824-199C-4D28-A42E-2EA6DABDED2B}"
EndProject
Global
	GlobalSection(SolutionConfigurationPlatforms) = preSolution
		Debug|Any CPU = Debug|Any CPU
		Release|Any CPU = Release|Any CPU
	EndGlobalSection
	GlobalSection(ProjectConfigurationPlatforms) = postSolution
		{20783F9B-F045-4BF9-BF58-BD2AE67535DC}.Debug|Any CPU.ActiveCfg = Debug|Any CPU
		{20783F9B-F045-4BF9-BF58-BD2AE67535DC}.Debug|Any CPU.Build.0 = Debug|Any CPU
		{20783F9B-F045-4BF9-BF58-BD2AE67535DC}.Release|Any CPU.ActiveCfg = Release|Any CPU
		{20783F9B-F045-4BF9-BF58-BD2AE67535DC}.Release|Any CPU.Build.0 = Release|Any CPU
		{2AD309C1-EE71-41E9-8533-95CEE7B00BC0}.Debug|Any CPU.ActiveCfg = Debug|Any CPU
		{2AD309C1-EE71-41E9-8533-95CEE7B00BC0}.Debug|Any CPU.Build.0 = Debug|Any CPU
		{2AD309C1-EE71-41E9-8533-95CEE7B00BC0}.Release|Any CPU.ActiveCfg = Release|Any CPU
		{2AD309C1-EE71-41E9-8533-95CEE7B00BC0}.Release|Any CPU.Build.0 = Release|Any CPU
		{43B015EF-BB6C-4E4D-AE8D-64A75F61CCAB}.Debug|Any CPU.ActiveCfg = Debug|Any CPU
		{43B015EF-BB6C-4E4D-AE8D-64A75F61CCAB}.Debug|Any CPU.Build.0 = Debug|Any CPU
		{43B015EF-BB6C-4E4D-AE8D-64A75F61CCAB}.Release|Any CPU.ActiveCfg = Release|Any CPU
		{43B015EF-BB6C-4E4D-AE8D-64A75F61CCAB}.Release|Any CPU.Build.0 = Release|Any CPU
		{6E26A824-199C-4D28-A42E-2EA6DABDED2B}.Debug|Any CPU.ActiveCfg = Debug|Any CPU
		{6E26A824-199C-4D28-A42E-2EA6DABDED2B}.Debug|Any CPU.Build.0 = Debug|Any CPU
		{6E26A824-199C-4D28-A42E-2EA6DABDED2B}.Release|Any CPU.ActiveCfg = Release|Any CPU
		{6E26A824-199C-4D28-A42E-2EA6DABDED2B}.Release|Any CPU.Build.0 = Release|Any CPU
	EndGlobalSection
	GlobalSection(SolutionProperties) = preSolution
		HideSolutionNode = FALSE
	EndGlobalSection
EndGlobal
