
Microsoft Visual Studio Solution File, Format Version 12.00
# Visual Studio 2013
VisualStudioVersion = 12.0.31101.0
MinimumVisualStudioVersion = 10.0.40219.1
Project("{FAE04EC0-301F-11D3-BF4B-00C04F79EFBC}") = "Problem_02_NestetLoopRecursion", "Problem_02_NestetLoopRecursion\Problem_02_NestetLoopRecursion.csproj", "{7025F23F-6A75-438B-B3CA-ED07771D5BEB}"
EndProject
Project("{FAE04EC0-301F-11D3-BF4B-00C04F79EFBC}") = "Problem_03_CombinationsWithRepetition", "Problem_03_CombinationsWithRepetition\Problem_03_CombinationsWithRepetition.csproj", "{F750E781-F118-493E-ACC0-BF5A22199F58}"
EndProject
Project("{FAE04EC0-301F-11D3-BF4B-00C04F79EFBC}") = "Problem_04_CombinationsWithoutRepetition", "Problem_04_CombinationsWithoutRepetition\Problem_04_CombinationsWithoutRepetition.csproj", "{79486807-E55E-4E15-8AEF-EEA29B251369}"
EndProject
Project("{FAE04EC0-301F-11D3-BF4B-00C04F79EFBC}") = "Problem_05_PathsBetweenCellsInMatrix", "Problem_05_PathsBetweenCellsInMatrix\Problem_05_PathsBetweenCellsInMatrix.csproj", "{A9E836E2-8B91-4613-B7AE-9062970F9042}"
EndProject
Project("{FAE04EC0-301F-11D3-BF4B-00C04F79EFBC}") = "Problem_06_ConectedAreasInMatrix", "Problem_06_ConectedAreasInMatrix\Problem_06_ConectedAreasInMatrix.csproj", "{85FC2A61-C024-4195-9205-A7B1D65CB353}"
EndProject
Global
	GlobalSection(SolutionConfigurationPlatforms) = preSolution
		Debug|Any CPU = Debug|Any CPU
		Release|Any CPU = Release|Any CPU
	EndGlobalSection
	GlobalSection(ProjectConfigurationPlatforms) = postSolution
		{7025F23F-6A75-438B-B3CA-ED07771D5BEB}.Debug|Any CPU.ActiveCfg = Debug|Any CPU
		{7025F23F-6A75-438B-B3CA-ED07771D5BEB}.Debug|Any CPU.Build.0 = Debug|Any CPU
		{7025F23F-6A75-438B-B3CA-ED07771D5BEB}.Release|Any CPU.ActiveCfg = Release|Any CPU
		{7025F23F-6A75-438B-B3CA-ED07771D5BEB}.Release|Any CPU.Build.0 = Release|Any CPU
		{F750E781-F118-493E-ACC0-BF5A22199F58}.Debug|Any CPU.ActiveCfg = Debug|Any CPU
		{F750E781-F118-493E-ACC0-BF5A22199F58}.Debug|Any CPU.Build.0 = Debug|Any CPU
		{F750E781-F118-493E-ACC0-BF5A22199F58}.Release|Any CPU.ActiveCfg = Release|Any CPU
		{F750E781-F118-493E-ACC0-BF5A22199F58}.Release|Any CPU.Build.0 = Release|Any CPU
		{79486807-E55E-4E15-8AEF-EEA29B251369}.Debug|Any CPU.ActiveCfg = Debug|Any CPU
		{79486807-E55E-4E15-8AEF-EEA29B251369}.Debug|Any CPU.Build.0 = Debug|Any CPU
		{79486807-E55E-4E15-8AEF-EEA29B251369}.Release|Any CPU.ActiveCfg = Release|Any CPU
		{79486807-E55E-4E15-8AEF-EEA29B251369}.Release|Any CPU.Build.0 = Release|Any CPU
		{A9E836E2-8B91-4613-B7AE-9062970F9042}.Debug|Any CPU.ActiveCfg = Debug|Any CPU
		{A9E836E2-8B91-4613-B7AE-9062970F9042}.Debug|Any CPU.Build.0 = Debug|Any CPU
		{A9E836E2-8B91-4613-B7AE-9062970F9042}.Release|Any CPU.ActiveCfg = Release|Any CPU
		{A9E836E2-8B91-4613-B7AE-9062970F9042}.Release|Any CPU.Build.0 = Release|Any CPU
		{85FC2A61-C024-4195-9205-A7B1D65CB353}.Debug|Any CPU.ActiveCfg = Debug|Any CPU
		{85FC2A61-C024-4195-9205-A7B1D65CB353}.Debug|Any CPU.Build.0 = Debug|Any CPU
		{85FC2A61-C024-4195-9205-A7B1D65CB353}.Release|Any CPU.ActiveCfg = Release|Any CPU
		{85FC2A61-C024-4195-9205-A7B1D65CB353}.Release|Any CPU.Build.0 = Release|Any CPU
	EndGlobalSection
	GlobalSection(SolutionProperties) = preSolution
		HideSolutionNode = FALSE
	EndGlobalSection
EndGlobal
