
Microsoft Visual Studio Solution File, Format Version 12.00
# Visual Studio 14
VisualStudioVersion = 14.0.23107.0
MinimumVisualStudioVersion = 10.0.40219.1
Project("{FAE04EC0-301F-11D3-BF4B-00C04F79EFBC}") = "ShortestPathInMatrix", "ShortestPathInMatrix\ShortestPathInMatrix.csproj", "{71056AD2-3B81-409E-BD3E-364C42A94285}"
EndProject
Project("{FAE04EC0-301F-11D3-BF4B-00C04F79EFBC}") = "RectangleSlow", "RectangleSlow\RectangleSlow.csproj", "{69AD9393-35C0-4EAC-AB91-09743998F914}"
EndProject
Global
	GlobalSection(SolutionConfigurationPlatforms) = preSolution
		Debug|Any CPU = Debug|Any CPU
		Release|Any CPU = Release|Any CPU
	EndGlobalSection
	GlobalSection(ProjectConfigurationPlatforms) = postSolution
		{71056AD2-3B81-409E-BD3E-364C42A94285}.Debug|Any CPU.ActiveCfg = Debug|Any CPU
		{71056AD2-3B81-409E-BD3E-364C42A94285}.Debug|Any CPU.Build.0 = Debug|Any CPU
		{71056AD2-3B81-409E-BD3E-364C42A94285}.Release|Any CPU.ActiveCfg = Release|Any CPU
		{71056AD2-3B81-409E-BD3E-364C42A94285}.Release|Any CPU.Build.0 = Release|Any CPU
		{69AD9393-35C0-4EAC-AB91-09743998F914}.Debug|Any CPU.ActiveCfg = Debug|Any CPU
		{69AD9393-35C0-4EAC-AB91-09743998F914}.Debug|Any CPU.Build.0 = Debug|Any CPU
		{69AD9393-35C0-4EAC-AB91-09743998F914}.Release|Any CPU.ActiveCfg = Release|Any CPU
		{69AD9393-35C0-4EAC-AB91-09743998F914}.Release|Any CPU.Build.0 = Release|Any CPU
	EndGlobalSection
	GlobalSection(SolutionProperties) = preSolution
		HideSolutionNode = FALSE
	EndGlobalSection
EndGlobal
