
Microsoft Visual Studio Solution File, Format Version 12.00
# Visual Studio 14
VisualStudioVersion = 14.0.23107.0
MinimumVisualStudioVersion = 10.0.40219.1
Project("{FAE04EC0-301F-11D3-BF4B-00C04F79EFBC}") = "LineInverter", "LineInverter\LineInverter.csproj", "{24A8BDD6-1CC1-4EBD-A303-DD795D080103}"
EndProject
Project("{FAE04EC0-301F-11D3-BF4B-00C04F79EFBC}") = "GroupPermutations", "GroupPermutations\GroupPermutations.csproj", "{86291637-62DD-41A0-964B-9EEB528D24CF}"
EndProject
Project("{FAE04EC0-301F-11D3-BF4B-00C04F79EFBC}") = "GraphCycles", "GraphCycles\GraphCycles.csproj", "{E384FF14-04C1-47F1-9CEE-6E346FCE80E5}"
EndProject
Project("{FAE04EC0-301F-11D3-BF4B-00C04F79EFBC}") = "Bridges", "Bridges\Bridges.csproj", "{6725442F-2374-4A49-8472-0ABA79EBF8C8}"
EndProject
Project("{FAE04EC0-301F-11D3-BF4B-00C04F79EFBC}") = "BridgesDynamic", "BridgesDynamic\BridgesDynamic.csproj", "{E1F62933-F715-4BD9-900D-9043C7798C9C}"
EndProject
Global
	GlobalSection(SolutionConfigurationPlatforms) = preSolution
		Debug|Any CPU = Debug|Any CPU
		Release|Any CPU = Release|Any CPU
	EndGlobalSection
	GlobalSection(ProjectConfigurationPlatforms) = postSolution
		{24A8BDD6-1CC1-4EBD-A303-DD795D080103}.Debug|Any CPU.ActiveCfg = Debug|Any CPU
		{24A8BDD6-1CC1-4EBD-A303-DD795D080103}.Debug|Any CPU.Build.0 = Debug|Any CPU
		{24A8BDD6-1CC1-4EBD-A303-DD795D080103}.Release|Any CPU.ActiveCfg = Release|Any CPU
		{24A8BDD6-1CC1-4EBD-A303-DD795D080103}.Release|Any CPU.Build.0 = Release|Any CPU
		{86291637-62DD-41A0-964B-9EEB528D24CF}.Debug|Any CPU.ActiveCfg = Debug|Any CPU
		{86291637-62DD-41A0-964B-9EEB528D24CF}.Debug|Any CPU.Build.0 = Debug|Any CPU
		{86291637-62DD-41A0-964B-9EEB528D24CF}.Release|Any CPU.ActiveCfg = Release|Any CPU
		{86291637-62DD-41A0-964B-9EEB528D24CF}.Release|Any CPU.Build.0 = Release|Any CPU
		{E384FF14-04C1-47F1-9CEE-6E346FCE80E5}.Debug|Any CPU.ActiveCfg = Debug|Any CPU
		{E384FF14-04C1-47F1-9CEE-6E346FCE80E5}.Debug|Any CPU.Build.0 = Debug|Any CPU
		{E384FF14-04C1-47F1-9CEE-6E346FCE80E5}.Release|Any CPU.ActiveCfg = Release|Any CPU
		{E384FF14-04C1-47F1-9CEE-6E346FCE80E5}.Release|Any CPU.Build.0 = Release|Any CPU
		{6725442F-2374-4A49-8472-0ABA79EBF8C8}.Debug|Any CPU.ActiveCfg = Debug|Any CPU
		{6725442F-2374-4A49-8472-0ABA79EBF8C8}.Debug|Any CPU.Build.0 = Debug|Any CPU
		{6725442F-2374-4A49-8472-0ABA79EBF8C8}.Release|Any CPU.ActiveCfg = Release|Any CPU
		{6725442F-2374-4A49-8472-0ABA79EBF8C8}.Release|Any CPU.Build.0 = Release|Any CPU
		{E1F62933-F715-4BD9-900D-9043C7798C9C}.Debug|Any CPU.ActiveCfg = Debug|Any CPU
		{E1F62933-F715-4BD9-900D-9043C7798C9C}.Debug|Any CPU.Build.0 = Debug|Any CPU
		{E1F62933-F715-4BD9-900D-9043C7798C9C}.Release|Any CPU.ActiveCfg = Release|Any CPU
		{E1F62933-F715-4BD9-900D-9043C7798C9C}.Release|Any CPU.Build.0 = Release|Any CPU
	EndGlobalSection
	GlobalSection(SolutionProperties) = preSolution
		HideSolutionNode = FALSE
	EndGlobalSection
EndGlobal
